# This file was autogenerated by Stack.
# You should not edit this file by hand.
# For more information, please see the documentation at:
#   https://docs.haskellstack.org/en/stable/lock_files

packages:
- completed:
    hackage: bitset-1.4.8@sha256:20a61c3dc942da4691a1603947c6479480bd92fd93947c12c8571347ac66de72,2923
    pantry-tree:
      size: 845
      sha256: c6e8d08c85df8319f7244c6c734ac85a8c642bdcf6e304778f83a2d224ca4887
  original:
    hackage: bitset-1.4.8@sha256:20a61c3dc942da4691a1603947c6479480bd92fd93947c12c8571347ac66de72,2923
snapshots:
- completed:
    size: 567241
    url: https://raw.githubusercontent.com/commercialhaskell/stackage-snapshots/master/lts/17/10.yaml
    sha256: 321b3b9f0c7f76994b39e0dabafdc76478274b4ff74cc5e43d410897a335ad3b
  original:
    url: https://raw.githubusercontent.com/commercialhaskell/stackage-snapshots/master/lts/17/10.yaml
